
Microsoft Visual Studio Solution File, Format Version 12.00
# Visual Studio Version 17
VisualStudioVersion = 17.14.36717.8
MinimumVisualStudioVersion = 10.0.40219.1
Project("{FAE04EC0-301F-11D3-BF4B-00C04F79EFBC}") = "HotelSync.Api", "HotelSync.Api\HotelSync.Api.csproj", "{EA6B5CC3-8B33-4467-A477-C6A226AB752E}"
EndProject
Project("{FAE04EC0-301F-11D3-BF4B-00C04F79EFBC}") = "HotelSync.Domain", "HotelSync.Domain\HotelSync.Domain.csproj", "{C3A5EBCE-7B78-435C-829A-2B8A9B891415}"
EndProject
Project("{FAE04EC0-301F-11D3-BF4B-00C04F79EFBC}") = "HotelSync.Worker", "HotelSync.Worker\HotelSync.Worker.csproj", "{8B3A2209-EAA2-4A6E-BAC2-CB4CBBF54383}"
EndProject
Project("{2150E333-8FDC-42A3-9474-1A3956D46DE8}") = "Solution Items", "Solution Items", "{8EC462FD-D22E-90A8-E5CE-7E832BA40C5D}"
	ProjectSection(SolutionItems) = preProject
		.gitignore = .gitignore
		docker-compose.yml = docker-compose.yml
		README.md = README.md
	EndProjectSection
EndProject
Project("{FAE04EC0-301F-11D3-BF4B-00C04F79EFBC}") = "HotelSync.Tests", "HotelSync.Tests\HotelSync.Tests.csproj", "{77F32911-F687-4C70-BBA9-0B9FF213C1F4}"
EndProject
Global
	GlobalSection(SolutionConfigurationPlatforms) = preSolution
		Debug|Any CPU = Debug|Any CPU
		Debug|x64 = Debug|x64
		Debug|x86 = Debug|x86
		Release|Any CPU = Release|Any CPU
		Release|x64 = Release|x64
		Release|x86 = Release|x86
	EndGlobalSection
	GlobalSection(ProjectConfigurationPlatforms) = postSolution
		{EA6B5CC3-8B33-4467-A477-C6A226AB752E}.Debug|Any CPU.ActiveCfg = Debug|Any CPU
		{EA6B5CC3-8B33-4467-A477-C6A226AB752E}.Debug|Any CPU.Build.0 = Debug|Any CPU
		{EA6B5CC3-8B33-4467-A477-C6A226AB752E}.Debug|x64.ActiveCfg = Debug|Any CPU
		{EA6B5CC3-8B33-4467-A477-C6A226AB752E}.Debug|x64.Build.0 = Debug|Any CPU
		{EA6B5CC3-8B33-4467-A477-C6A226AB752E}.Debug|x86.ActiveCfg = Debug|Any CPU
		{EA6B5CC3-8B33-4467-A477-C6A226AB752E}.Debug|x86.Build.0 = Debug|Any CPU
		{EA6B5CC3-8B33-4467-A477-C6A226AB752E}.Release|Any CPU.ActiveCfg = Release|Any CPU
		{EA6B5CC3-8B33-4467-A477-C6A226AB752E}.Release|Any CPU.Build.0 = Release|Any CPU
		{EA6B5CC3-8B33-4467-A477-C6A226AB752E}.Release|x64.ActiveCfg = Release|Any CPU
		{EA6B5CC3-8B33-4467-A477-C6A226AB752E}.Release|x64.Build.0 = Release|Any CPU
		{EA6B5CC3-8B33-4467-A477-C6A226AB752E}.Release|x86.ActiveCfg = Release|Any CPU
		{EA6B5CC3-8B33-4467-A477-C6A226AB752E}.Release|x86.Build.0 = Release|Any CPU
		{C3A5EBCE-7B78-435C-829A-2B8A9B891415}.Debug|Any CPU.ActiveCfg = Debug|Any CPU
		{C3A5EBCE-7B78-435C-829A-2B8A9B891415}.Debug|Any CPU.Build.0 = Debug|Any CPU
		{C3A5EBCE-7B78-435C-829A-2B8A9B891415}.Debug|x64.ActiveCfg = Debug|Any CPU
		{C3A5EBCE-7B78-435C-829A-2B8A9B891415}.Debug|x64.Build.0 = Debug|Any CPU
		{C3A5EBCE-7B78-435C-829A-2B8A9B891415}.Debug|x86.ActiveCfg = Debug|Any CPU
		{C3A5EBCE-7B78-435C-829A-2B8A9B891415}.Debug|x86.Build.0 = Debug|Any CPU
		{C3A5EBCE-7B78-435C-829A-2B8A9B891415}.Release|Any CPU.ActiveCfg = Release|Any CPU
		{C3A5EBCE-7B78-435C-829A-2B8A9B891415}.Release|Any CPU.Build.0 = Release|Any CPU
		{C3A5EBCE-7B78-435C-829A-2B8A9B891415}.Release|x64.ActiveCfg = Release|Any CPU
		{C3A5EBCE-7B78-435C-829A-2B8A9B891415}.Release|x64.Build.0 = Release|Any CPU
		{C3A5EBCE-7B78-435C-829A-2B8A9B891415}.Release|x86.ActiveCfg = Release|Any CPU
		{C3A5EBCE-7B78-435C-829A-2B8A9B891415}.Release|x86.Build.0 = Release|Any CPU
		{8B3A2209-EAA2-4A6E-BAC2-CB4CBBF54383}.Debug|Any CPU.ActiveCfg = Debug|Any CPU
		{8B3A2209-EAA2-4A6E-BAC2-CB4CBBF54383}.Debug|Any CPU.Build.0 = Debug|Any CPU
		{8B3A2209-EAA2-4A6E-BAC2-CB4CBBF54383}.Debug|x64.ActiveCfg = Debug|Any CPU
		{8B3A2209-EAA2-4A6E-BAC2-CB4CBBF54383}.Debug|x64.Build.0 = Debug|Any CPU
		{8B3A2209-EAA2-4A6E-BAC2-CB4CBBF54383}.Debug|x86.ActiveCfg = Debug|Any CPU
		{8B3A2209-EAA2-4A6E-BAC2-CB4CBBF54383}.Debug|x86.Build.0 = Debug|Any CPU
		{8B3A2209-EAA2-4A6E-BAC2-CB4CBBF54383}.Release|Any CPU.ActiveCfg = Release|Any CPU
		{8B3A2209-EAA2-4A6E-BAC2-CB4CBBF54383}.Release|Any CPU.Build.0 = Release|Any CPU
		{8B3A2209-EAA2-4A6E-BAC2-CB4CBBF54383}.Release|x64.ActiveCfg = Release|Any CPU
		{8B3A2209-EAA2-4A6E-BAC2-CB4CBBF54383}.Release|x64.Build.0 = Release|Any CPU
		{8B3A2209-EAA2-4A6E-BAC2-CB4CBBF54383}.Release|x86.ActiveCfg = Release|Any CPU
		{8B3A2209-EAA2-4A6E-BAC2-CB4CBBF54383}.Release|x86.Build.0 = Release|Any CPU
		{77F32911-F687-4C70-BBA9-0B9FF213C1F4}.Debug|Any CPU.ActiveCfg = Debug|Any CPU
		{77F32911-F687-4C70-BBA9-0B9FF213C1F4}.Debug|Any CPU.Build.0 = Debug|Any CPU
		{77F32911-F687-4C70-BBA9-0B9FF213C1F4}.Debug|x64.ActiveCfg = Debug|Any CPU
		{77F32911-F687-4C70-BBA9-0B9FF213C1F4}.Debug|x64.Build.0 = Debug|Any CPU
		{77F32911-F687-4C70-BBA9-0B9FF213C1F4}.Debug|x86.ActiveCfg = Debug|Any CPU
		{77F32911-F687-4C70-BBA9-0B9FF213C1F4}.Debug|x86.Build.0 = Debug|Any CPU
		{77F32911-F687-4C70-BBA9-0B9FF213C1F4}.Release|Any CPU.ActiveCfg = Release|Any CPU
		{77F32911-F687-4C70-BBA9-0B9FF213C1F4}.Release|Any CPU.Build.0 = Release|Any CPU
		{77F32911-F687-4C70-BBA9-0B9FF213C1F4}.Release|x64.ActiveCfg = Release|Any CPU
		{77F32911-F687-4C70-BBA9-0B9FF213C1F4}.Release|x64.Build.0 = Release|Any CPU
		{77F32911-F687-4C70-BBA9-0B9FF213C1F4}.Release|x86.ActiveCfg = Release|Any CPU
		{77F32911-F687-4C70-BBA9-0B9FF213C1F4}.Release|x86.Build.0 = Release|Any CPU
	EndGlobalSection
	GlobalSection(SolutionProperties) = preSolution
		HideSolutionNode = FALSE
	EndGlobalSection
	GlobalSection(ExtensibilityGlobals) = postSolution
		SolutionGuid = {586E6D15-3340-4C3F-A90B-809023CA5E3B}
	EndGlobalSection
EndGlobal
